
Microsoft Visual Studio Solution File, Format Version 12.00
# Visual Studio Version 16
VisualStudioVersion = 16.0.32228.343
MinimumVisualStudioVersion = 10.0.40219.1
Project("{FAE04EC0-301F-11D3-BF4B-00C04F79EFBC}") = "Methods", "Methods\Methods.csproj", "{093BA0EE-E927-439D-B815-5478754A57DC}"
EndProject
Project("{FAE04EC0-301F-11D3-BF4B-00C04F79EFBC}") = "Encapsulation", "Encapsulation\Encapsulation.csproj", "{EF19A74B-F157-415F-98C2-AB9EB7E0D66B}"
EndProject
Project("{FAE04EC0-301F-11D3-BF4B-00C04F79EFBC}") = "Inheritance", "Inheritance\Inheritance.csproj", "{62B02DC5-E429-48B3-BFE8-D6EEDA191738}"
EndProject
Global
	GlobalSection(SolutionConfigurationPlatforms) = preSolution
		Debug|Any CPU = Debug|Any CPU
		Release|Any CPU = Release|Any CPU
	EndGlobalSection
	GlobalSection(ProjectConfigurationPlatforms) = postSolution
		{093BA0EE-E927-439D-B815-5478754A57DC}.Debug|Any CPU.ActiveCfg = Debug|Any CPU
		{093BA0EE-E927-439D-B815-5478754A57DC}.Debug|Any CPU.Build.0 = Debug|Any CPU
		{093BA0EE-E927-439D-B815-5478754A57DC}.Release|Any CPU.ActiveCfg = Release|Any CPU
		{093BA0EE-E927-439D-B815-5478754A57DC}.Release|Any CPU.Build.0 = Release|Any CPU
		{EF19A74B-F157-415F-98C2-AB9EB7E0D66B}.Debug|Any CPU.ActiveCfg = Debug|Any CPU
		{EF19A74B-F157-415F-98C2-AB9EB7E0D66B}.Debug|Any CPU.Build.0 = Debug|Any CPU
		{EF19A74B-F157-415F-98C2-AB9EB7E0D66B}.Release|Any CPU.ActiveCfg = Release|Any CPU
		{EF19A74B-F157-415F-98C2-AB9EB7E0D66B}.Release|Any CPU.Build.0 = Release|Any CPU
		{62B02DC5-E429-48B3-BFE8-D6EEDA191738}.Debug|Any CPU.ActiveCfg = Debug|Any CPU
		{62B02DC5-E429-48B3-BFE8-D6EEDA191738}.Debug|Any CPU.Build.0 = Debug|Any CPU
		{62B02DC5-E429-48B3-BFE8-D6EEDA191738}.Release|Any CPU.ActiveCfg = Release|Any CPU
		{62B02DC5-E429-48B3-BFE8-D6EEDA191738}.Release|Any CPU.Build.0 = Release|Any CPU
	EndGlobalSection
	GlobalSection(SolutionProperties) = preSolution
		HideSolutionNode = FALSE
	EndGlobalSection
	GlobalSection(ExtensibilityGlobals) = postSolution
		SolutionGuid = {B5FE61D9-4070-43E5-ABA4-4DFD64AF07E9}
	EndGlobalSection
EndGlobal
